
Microsoft Visual Studio Solution File, Format Version 12.00
# Visual Studio Version 17
VisualStudioVersion = 17.0.32126.317
MinimumVisualStudioVersion = 10.0.40219.1
Project("{9A19103F-16F7-4668-BE54-9A1E7A4F7556}") = "ApiCadastro", "AvonalleRegisterApi\ApiCadastro.csproj", "{3E439DF3-C514-4934-A131-8DB3A8EC911A}"
EndProject
Project("{9A19103F-16F7-4668-BE54-9A1E7A4F7556}") = "RegisterApi.Domain", "AvonalleRegisterApi.Domain\RegisterApi.Domain.csproj", "{00EA80D2-0B13-4244-9D1A-2879B295F180}"
EndProject
Project("{9A19103F-16F7-4668-BE54-9A1E7A4F7556}") = "RegisterApi.Infrastructure", "AvonalleRegisterApi.Infrastructure\RegisterApi.Infrastructure.csproj", "{C36ACB52-2BB2-4AE5-A7E0-41D602AD5297}"
EndProject
Project("{2150E333-8FDC-42A3-9474-1A3956D46DE8}") = "BackEnd", "BackEnd", "{2687CF73-2181-4FCF-8EAC-6A2B9FEA4FBD}"
EndProject
Project("{2150E333-8FDC-42A3-9474-1A3956D46DE8}") = "FrontEnd", "FrontEnd", "{E239F71D-FC6D-41F9-80F1-754C35221B01}"
EndProject
Project("{9A19103F-16F7-4668-BE54-9A1E7A4F7556}") = "ApiCadastro.Web", "ApiCadastro.Web\ApiCadastro.Web.csproj", "{DE9BE2D6-FB7C-47F7-80AF-D5B5AE491EBB}"
EndProject
Project("{9A19103F-16F7-4668-BE54-9A1E7A4F7556}") = "ApiAutenticacao", "ApiAutenticacao\ApiAutenticacao.csproj", "{672EE977-AD6C-48E3-B4BC-A3CB075330C7}"
EndProject
Global
	GlobalSection(SolutionConfigurationPlatforms) = preSolution
		Debug|Any CPU = Debug|Any CPU
		Release|Any CPU = Release|Any CPU
	EndGlobalSection
	GlobalSection(ProjectConfigurationPlatforms) = postSolution
		{3E439DF3-C514-4934-A131-8DB3A8EC911A}.Debug|Any CPU.ActiveCfg = Debug|Any CPU
		{3E439DF3-C514-4934-A131-8DB3A8EC911A}.Debug|Any CPU.Build.0 = Debug|Any CPU
		{3E439DF3-C514-4934-A131-8DB3A8EC911A}.Release|Any CPU.ActiveCfg = Release|Any CPU
		{3E439DF3-C514-4934-A131-8DB3A8EC911A}.Release|Any CPU.Build.0 = Release|Any CPU
		{00EA80D2-0B13-4244-9D1A-2879B295F180}.Debug|Any CPU.ActiveCfg = Debug|Any CPU
		{00EA80D2-0B13-4244-9D1A-2879B295F180}.Debug|Any CPU.Build.0 = Debug|Any CPU
		{00EA80D2-0B13-4244-9D1A-2879B295F180}.Release|Any CPU.ActiveCfg = Release|Any CPU
		{00EA80D2-0B13-4244-9D1A-2879B295F180}.Release|Any CPU.Build.0 = Release|Any CPU
		{C36ACB52-2BB2-4AE5-A7E0-41D602AD5297}.Debug|Any CPU.ActiveCfg = Debug|Any CPU
		{C36ACB52-2BB2-4AE5-A7E0-41D602AD5297}.Debug|Any CPU.Build.0 = Debug|Any CPU
		{C36ACB52-2BB2-4AE5-A7E0-41D602AD5297}.Release|Any CPU.ActiveCfg = Release|Any CPU
		{C36ACB52-2BB2-4AE5-A7E0-41D602AD5297}.Release|Any CPU.Build.0 = Release|Any CPU
		{DE9BE2D6-FB7C-47F7-80AF-D5B5AE491EBB}.Debug|Any CPU.ActiveCfg = Debug|Any CPU
		{DE9BE2D6-FB7C-47F7-80AF-D5B5AE491EBB}.Debug|Any CPU.Build.0 = Debug|Any CPU
		{DE9BE2D6-FB7C-47F7-80AF-D5B5AE491EBB}.Release|Any CPU.ActiveCfg = Release|Any CPU
		{DE9BE2D6-FB7C-47F7-80AF-D5B5AE491EBB}.Release|Any CPU.Build.0 = Release|Any CPU
		{672EE977-AD6C-48E3-B4BC-A3CB075330C7}.Debug|Any CPU.ActiveCfg = Debug|Any CPU
		{672EE977-AD6C-48E3-B4BC-A3CB075330C7}.Debug|Any CPU.Build.0 = Debug|Any CPU
		{672EE977-AD6C-48E3-B4BC-A3CB075330C7}.Release|Any CPU.ActiveCfg = Release|Any CPU
		{672EE977-AD6C-48E3-B4BC-A3CB075330C7}.Release|Any CPU.Build.0 = Release|Any CPU
	EndGlobalSection
	GlobalSection(SolutionProperties) = preSolution
		HideSolutionNode = FALSE
	EndGlobalSection
	GlobalSection(NestedProjects) = preSolution
		{3E439DF3-C514-4934-A131-8DB3A8EC911A} = {2687CF73-2181-4FCF-8EAC-6A2B9FEA4FBD}
		{00EA80D2-0B13-4244-9D1A-2879B295F180} = {2687CF73-2181-4FCF-8EAC-6A2B9FEA4FBD}
		{C36ACB52-2BB2-4AE5-A7E0-41D602AD5297} = {2687CF73-2181-4FCF-8EAC-6A2B9FEA4FBD}
		{DE9BE2D6-FB7C-47F7-80AF-D5B5AE491EBB} = {E239F71D-FC6D-41F9-80F1-754C35221B01}
		{672EE977-AD6C-48E3-B4BC-A3CB075330C7} = {2687CF73-2181-4FCF-8EAC-6A2B9FEA4FBD}
	EndGlobalSection
	GlobalSection(ExtensibilityGlobals) = postSolution
		SolutionGuid = {F6B669C1-B0C0-4299-8859-54D65EFF5F3E}
	EndGlobalSection
EndGlobal
