
Microsoft Visual Studio Solution File, Format Version 12.00
# Visual Studio Version 17
VisualStudioVersion = 17.0.32126.317
MinimumVisualStudioVersion = 10.0.40219.1
Project("{FAE04EC0-301F-11D3-BF4B-00C04F79EFBC}") = "AvonalleRegisterApi", "AvonalleRegisterApi\AvonalleRegisterApi.csproj", "{3E439DF3-C514-4934-A131-8DB3A8EC911A}"
EndProject
Global
	GlobalSection(SolutionConfigurationPlatforms) = preSolution
		Debug|Any CPU = Debug|Any CPU
		Release|Any CPU = Release|Any CPU
	EndGlobalSection
	GlobalSection(ProjectConfigurationPlatforms) = postSolution
		{3E439DF3-C514-4934-A131-8DB3A8EC911A}.Debug|Any CPU.ActiveCfg = Debug|Any CPU
		{3E439DF3-C514-4934-A131-8DB3A8EC911A}.Debug|Any CPU.Build.0 = Debug|Any CPU
		{3E439DF3-C514-4934-A131-8DB3A8EC911A}.Release|Any CPU.ActiveCfg = Release|Any CPU
		{3E439DF3-C514-4934-A131-8DB3A8EC911A}.Release|Any CPU.Build.0 = Release|Any CPU
	EndGlobalSection
	GlobalSection(SolutionProperties) = preSolution
		HideSolutionNode = FALSE
	EndGlobalSection
	GlobalSection(ExtensibilityGlobals) = postSolution
		SolutionGuid = {F6B669C1-B0C0-4299-8859-54D65EFF5F3E}
	EndGlobalSection
EndGlobal
